
Microsoft Visual Studio Solution File, Format Version 12.00
# Visual Studio 15
VisualStudioVersion = 15.0.27004.2009
MinimumVisualStudioVersion = 10.0.40219.1
Project("{FAE04EC0-301F-11D3-BF4B-00C04F79EFBC}") = "Day1", "Day1\Day1.csproj", "{CCA23868-C780-4B9A-8F63-A186928675C7}"
EndProject
Project("{FAE04EC0-301F-11D3-BF4B-00C04F79EFBC}") = "Day2", "Day2\Day2.csproj", "{711CE133-1E6D-4002-8950-9789E8198859}"
EndProject
Project("{FAE04EC0-301F-11D3-BF4B-00C04F79EFBC}") = "Day3", "Day3\Day3.csproj", "{736C8CD3-B5A1-4664-BDC5-B8F4C93D6ED6}"
EndProject
Project("{FAE04EC0-301F-11D3-BF4B-00C04F79EFBC}") = "Day4", "Day4\Day4.csproj", "{B34362AE-FC43-43A1-BDED-FAA83C0F87C8}"
EndProject
Project("{FAE04EC0-301F-11D3-BF4B-00C04F79EFBC}") = "Day5", "Day5\Day5.csproj", "{4C8B0944-8204-43AD-A21D-71B314A621A6}"
EndProject
Project("{FAE04EC0-301F-11D3-BF4B-00C04F79EFBC}") = "Common", "..\2015\Common\Common.csproj", "{FB9C8046-3B24-4C95-93C0-1694643D30C5}"
EndProject
Project("{FAE04EC0-301F-11D3-BF4B-00C04F79EFBC}") = "Day6", "Day6\Day6.csproj", "{38EDF9D0-CB93-45BC-B992-346FACBABE5D}"
EndProject
Project("{FAE04EC0-301F-11D3-BF4B-00C04F79EFBC}") = "Day7", "Day7\Day7.csproj", "{07169CBC-E49E-4A98-B82A-616137058E81}"
EndProject
Project("{FAE04EC0-301F-11D3-BF4B-00C04F79EFBC}") = "Day8", "Day8\Day8.csproj", "{7EEE7EAD-B0FF-4FDF-9DAD-B6B5E2CA2BF8}"
EndProject
Project("{FAE04EC0-301F-11D3-BF4B-00C04F79EFBC}") = "Day9", "Day9\Day9.csproj", "{8D6CF883-79A7-4745-9F92-D03B4D077907}"
EndProject
Project("{FAE04EC0-301F-11D3-BF4B-00C04F79EFBC}") = "Day10", "Day10\Day10.csproj", "{1BC32E49-DAC3-4CBB-A779-719488CBD04B}"
EndProject
Project("{FAE04EC0-301F-11D3-BF4B-00C04F79EFBC}") = "Day11", "Day11\Day11.csproj", "{E155D9E4-DA18-4667-8026-C224B1F66700}"
EndProject
Project("{FAE04EC0-301F-11D3-BF4B-00C04F79EFBC}") = "Day12", "Day12\Day12.csproj", "{82A88BD2-5CA6-46F6-9AC2-BCD9D7FFF787}"
EndProject
Global
	GlobalSection(SolutionConfigurationPlatforms) = preSolution
		Debug|Any CPU = Debug|Any CPU
		Release|Any CPU = Release|Any CPU
	EndGlobalSection
	GlobalSection(ProjectConfigurationPlatforms) = postSolution
		{CCA23868-C780-4B9A-8F63-A186928675C7}.Debug|Any CPU.ActiveCfg = Debug|Any CPU
		{CCA23868-C780-4B9A-8F63-A186928675C7}.Debug|Any CPU.Build.0 = Debug|Any CPU
		{CCA23868-C780-4B9A-8F63-A186928675C7}.Release|Any CPU.ActiveCfg = Release|Any CPU
		{CCA23868-C780-4B9A-8F63-A186928675C7}.Release|Any CPU.Build.0 = Release|Any CPU
		{711CE133-1E6D-4002-8950-9789E8198859}.Debug|Any CPU.ActiveCfg = Debug|Any CPU
		{711CE133-1E6D-4002-8950-9789E8198859}.Debug|Any CPU.Build.0 = Debug|Any CPU
		{711CE133-1E6D-4002-8950-9789E8198859}.Release|Any CPU.ActiveCfg = Release|Any CPU
		{711CE133-1E6D-4002-8950-9789E8198859}.Release|Any CPU.Build.0 = Release|Any CPU
		{736C8CD3-B5A1-4664-BDC5-B8F4C93D6ED6}.Debug|Any CPU.ActiveCfg = Debug|Any CPU
		{736C8CD3-B5A1-4664-BDC5-B8F4C93D6ED6}.Debug|Any CPU.Build.0 = Debug|Any CPU
		{736C8CD3-B5A1-4664-BDC5-B8F4C93D6ED6}.Release|Any CPU.ActiveCfg = Release|Any CPU
		{736C8CD3-B5A1-4664-BDC5-B8F4C93D6ED6}.Release|Any CPU.Build.0 = Release|Any CPU
		{B34362AE-FC43-43A1-BDED-FAA83C0F87C8}.Debug|Any CPU.ActiveCfg = Debug|Any CPU
		{B34362AE-FC43-43A1-BDED-FAA83C0F87C8}.Debug|Any CPU.Build.0 = Debug|Any CPU
		{B34362AE-FC43-43A1-BDED-FAA83C0F87C8}.Release|Any CPU.ActiveCfg = Release|Any CPU
		{B34362AE-FC43-43A1-BDED-FAA83C0F87C8}.Release|Any CPU.Build.0 = Release|Any CPU
		{4C8B0944-8204-43AD-A21D-71B314A621A6}.Debug|Any CPU.ActiveCfg = Debug|Any CPU
		{4C8B0944-8204-43AD-A21D-71B314A621A6}.Debug|Any CPU.Build.0 = Debug|Any CPU
		{4C8B0944-8204-43AD-A21D-71B314A621A6}.Release|Any CPU.ActiveCfg = Release|Any CPU
		{4C8B0944-8204-43AD-A21D-71B314A621A6}.Release|Any CPU.Build.0 = Release|Any CPU
		{FB9C8046-3B24-4C95-93C0-1694643D30C5}.Debug|Any CPU.ActiveCfg = Debug|Any CPU
		{FB9C8046-3B24-4C95-93C0-1694643D30C5}.Debug|Any CPU.Build.0 = Debug|Any CPU
		{FB9C8046-3B24-4C95-93C0-1694643D30C5}.Release|Any CPU.ActiveCfg = Release|Any CPU
		{FB9C8046-3B24-4C95-93C0-1694643D30C5}.Release|Any CPU.Build.0 = Release|Any CPU
		{38EDF9D0-CB93-45BC-B992-346FACBABE5D}.Debug|Any CPU.ActiveCfg = Debug|Any CPU
		{38EDF9D0-CB93-45BC-B992-346FACBABE5D}.Debug|Any CPU.Build.0 = Debug|Any CPU
		{38EDF9D0-CB93-45BC-B992-346FACBABE5D}.Release|Any CPU.ActiveCfg = Release|Any CPU
		{38EDF9D0-CB93-45BC-B992-346FACBABE5D}.Release|Any CPU.Build.0 = Release|Any CPU
		{07169CBC-E49E-4A98-B82A-616137058E81}.Debug|Any CPU.ActiveCfg = Debug|Any CPU
		{07169CBC-E49E-4A98-B82A-616137058E81}.Debug|Any CPU.Build.0 = Debug|Any CPU
		{07169CBC-E49E-4A98-B82A-616137058E81}.Release|Any CPU.ActiveCfg = Release|Any CPU
		{07169CBC-E49E-4A98-B82A-616137058E81}.Release|Any CPU.Build.0 = Release|Any CPU
		{7EEE7EAD-B0FF-4FDF-9DAD-B6B5E2CA2BF8}.Debug|Any CPU.ActiveCfg = Debug|Any CPU
		{7EEE7EAD-B0FF-4FDF-9DAD-B6B5E2CA2BF8}.Debug|Any CPU.Build.0 = Debug|Any CPU
		{7EEE7EAD-B0FF-4FDF-9DAD-B6B5E2CA2BF8}.Release|Any CPU.ActiveCfg = Release|Any CPU
		{7EEE7EAD-B0FF-4FDF-9DAD-B6B5E2CA2BF8}.Release|Any CPU.Build.0 = Release|Any CPU
		{8D6CF883-79A7-4745-9F92-D03B4D077907}.Debug|Any CPU.ActiveCfg = Debug|Any CPU
		{8D6CF883-79A7-4745-9F92-D03B4D077907}.Debug|Any CPU.Build.0 = Debug|Any CPU
		{8D6CF883-79A7-4745-9F92-D03B4D077907}.Release|Any CPU.ActiveCfg = Release|Any CPU
		{8D6CF883-79A7-4745-9F92-D03B4D077907}.Release|Any CPU.Build.0 = Release|Any CPU
		{1BC32E49-DAC3-4CBB-A779-719488CBD04B}.Debug|Any CPU.ActiveCfg = Debug|Any CPU
		{1BC32E49-DAC3-4CBB-A779-719488CBD04B}.Debug|Any CPU.Build.0 = Debug|Any CPU
		{1BC32E49-DAC3-4CBB-A779-719488CBD04B}.Release|Any CPU.ActiveCfg = Release|Any CPU
		{1BC32E49-DAC3-4CBB-A779-719488CBD04B}.Release|Any CPU.Build.0 = Release|Any CPU
		{E155D9E4-DA18-4667-8026-C224B1F66700}.Debug|Any CPU.ActiveCfg = Debug|Any CPU
		{E155D9E4-DA18-4667-8026-C224B1F66700}.Debug|Any CPU.Build.0 = Debug|Any CPU
		{E155D9E4-DA18-4667-8026-C224B1F66700}.Release|Any CPU.ActiveCfg = Release|Any CPU
		{E155D9E4-DA18-4667-8026-C224B1F66700}.Release|Any CPU.Build.0 = Release|Any CPU
		{82A88BD2-5CA6-46F6-9AC2-BCD9D7FFF787}.Debug|Any CPU.ActiveCfg = Debug|Any CPU
		{82A88BD2-5CA6-46F6-9AC2-BCD9D7FFF787}.Debug|Any CPU.Build.0 = Debug|Any CPU
		{82A88BD2-5CA6-46F6-9AC2-BCD9D7FFF787}.Release|Any CPU.ActiveCfg = Release|Any CPU
		{82A88BD2-5CA6-46F6-9AC2-BCD9D7FFF787}.Release|Any CPU.Build.0 = Release|Any CPU
	EndGlobalSection
	GlobalSection(SolutionProperties) = preSolution
		HideSolutionNode = FALSE
	EndGlobalSection
	GlobalSection(ExtensibilityGlobals) = postSolution
		SolutionGuid = {793C079F-8D2A-401B-A959-7FAF7327F682}
	EndGlobalSection
EndGlobal
