
Microsoft Visual Studio Solution File, Format Version 12.00
# Visual Studio 14
VisualStudioVersion = 14.0.25420.1
MinimumVisualStudioVersion = 10.0.40219.1
Project("{FAE04EC0-301F-11D3-BF4B-00C04F79EFBC}") = "Day1", "Day1\Day1.csproj", "{ABB4A47A-E8A0-4529-8AFB-E6180D867EF2}"
EndProject
Project("{FAE04EC0-301F-11D3-BF4B-00C04F79EFBC}") = "Day2", "Day2\Day2.csproj", "{B05D74F1-2BF7-4C1F-AD3F-C423DF527787}"
EndProject
Project("{FAE04EC0-301F-11D3-BF4B-00C04F79EFBC}") = "Day3", "Day3\Day3.csproj", "{BAFBD573-41B3-4F88-8FA9-90DCED341C61}"
EndProject
Project("{FAE04EC0-301F-11D3-BF4B-00C04F79EFBC}") = "Day4", "Day4\Day4.csproj", "{9211258C-EA4D-4424-86BE-1A029CA3CBE1}"
EndProject
Project("{FAE04EC0-301F-11D3-BF4B-00C04F79EFBC}") = "Day5", "Day5\Day5.csproj", "{319439AA-DB7B-4EA7-A6BD-9A09FDC1FD30}"
EndProject
Project("{FAE04EC0-301F-11D3-BF4B-00C04F79EFBC}") = "Day6", "Day6\Day6.csproj", "{BD5666AB-730A-4303-882B-0996A864E06C}"
EndProject
Project("{FAE04EC0-301F-11D3-BF4B-00C04F79EFBC}") = "Day7", "Day7\Day7.csproj", "{5430136C-5A73-49EF-9583-1055550899AA}"
EndProject
Project("{FAE04EC0-301F-11D3-BF4B-00C04F79EFBC}") = "Day9", "Day9\Day9.csproj", "{F46C4AB2-99EB-4E70-A51F-3CD9989EAEC7}"
EndProject
Global
	GlobalSection(SolutionConfigurationPlatforms) = preSolution
		Debug|Any CPU = Debug|Any CPU
		Release|Any CPU = Release|Any CPU
	EndGlobalSection
	GlobalSection(ProjectConfigurationPlatforms) = postSolution
		{ABB4A47A-E8A0-4529-8AFB-E6180D867EF2}.Debug|Any CPU.ActiveCfg = Debug|Any CPU
		{ABB4A47A-E8A0-4529-8AFB-E6180D867EF2}.Debug|Any CPU.Build.0 = Debug|Any CPU
		{ABB4A47A-E8A0-4529-8AFB-E6180D867EF2}.Release|Any CPU.ActiveCfg = Release|Any CPU
		{ABB4A47A-E8A0-4529-8AFB-E6180D867EF2}.Release|Any CPU.Build.0 = Release|Any CPU
		{B05D74F1-2BF7-4C1F-AD3F-C423DF527787}.Debug|Any CPU.ActiveCfg = Debug|Any CPU
		{B05D74F1-2BF7-4C1F-AD3F-C423DF527787}.Debug|Any CPU.Build.0 = Debug|Any CPU
		{B05D74F1-2BF7-4C1F-AD3F-C423DF527787}.Release|Any CPU.ActiveCfg = Release|Any CPU
		{B05D74F1-2BF7-4C1F-AD3F-C423DF527787}.Release|Any CPU.Build.0 = Release|Any CPU
		{BAFBD573-41B3-4F88-8FA9-90DCED341C61}.Debug|Any CPU.ActiveCfg = Debug|Any CPU
		{BAFBD573-41B3-4F88-8FA9-90DCED341C61}.Debug|Any CPU.Build.0 = Debug|Any CPU
		{BAFBD573-41B3-4F88-8FA9-90DCED341C61}.Release|Any CPU.ActiveCfg = Release|Any CPU
		{BAFBD573-41B3-4F88-8FA9-90DCED341C61}.Release|Any CPU.Build.0 = Release|Any CPU
		{9211258C-EA4D-4424-86BE-1A029CA3CBE1}.Debug|Any CPU.ActiveCfg = Debug|Any CPU
		{9211258C-EA4D-4424-86BE-1A029CA3CBE1}.Debug|Any CPU.Build.0 = Debug|Any CPU
		{9211258C-EA4D-4424-86BE-1A029CA3CBE1}.Release|Any CPU.ActiveCfg = Release|Any CPU
		{9211258C-EA4D-4424-86BE-1A029CA3CBE1}.Release|Any CPU.Build.0 = Release|Any CPU
		{319439AA-DB7B-4EA7-A6BD-9A09FDC1FD30}.Debug|Any CPU.ActiveCfg = Debug|Any CPU
		{319439AA-DB7B-4EA7-A6BD-9A09FDC1FD30}.Debug|Any CPU.Build.0 = Debug|Any CPU
		{319439AA-DB7B-4EA7-A6BD-9A09FDC1FD30}.Release|Any CPU.ActiveCfg = Release|Any CPU
		{319439AA-DB7B-4EA7-A6BD-9A09FDC1FD30}.Release|Any CPU.Build.0 = Release|Any CPU
		{BD5666AB-730A-4303-882B-0996A864E06C}.Debug|Any CPU.ActiveCfg = Debug|Any CPU
		{BD5666AB-730A-4303-882B-0996A864E06C}.Debug|Any CPU.Build.0 = Debug|Any CPU
		{BD5666AB-730A-4303-882B-0996A864E06C}.Release|Any CPU.ActiveCfg = Release|Any CPU
		{BD5666AB-730A-4303-882B-0996A864E06C}.Release|Any CPU.Build.0 = Release|Any CPU
		{5430136C-5A73-49EF-9583-1055550899AA}.Debug|Any CPU.ActiveCfg = Debug|Any CPU
		{5430136C-5A73-49EF-9583-1055550899AA}.Debug|Any CPU.Build.0 = Debug|Any CPU
		{5430136C-5A73-49EF-9583-1055550899AA}.Release|Any CPU.ActiveCfg = Release|Any CPU
		{5430136C-5A73-49EF-9583-1055550899AA}.Release|Any CPU.Build.0 = Release|Any CPU
		{F46C4AB2-99EB-4E70-A51F-3CD9989EAEC7}.Debug|Any CPU.ActiveCfg = Debug|Any CPU
		{F46C4AB2-99EB-4E70-A51F-3CD9989EAEC7}.Debug|Any CPU.Build.0 = Debug|Any CPU
		{F46C4AB2-99EB-4E70-A51F-3CD9989EAEC7}.Release|Any CPU.ActiveCfg = Release|Any CPU
		{F46C4AB2-99EB-4E70-A51F-3CD9989EAEC7}.Release|Any CPU.Build.0 = Release|Any CPU
	EndGlobalSection
	GlobalSection(SolutionProperties) = preSolution
		HideSolutionNode = FALSE
	EndGlobalSection
EndGlobal
