
Microsoft Visual Studio Solution File, Format Version 12.00
# Visual Studio 14
VisualStudioVersion = 14.0.25420.1
MinimumVisualStudioVersion = 10.0.40219.1
Project("{FAE04EC0-301F-11D3-BF4B-00C04F79EFBC}") = "Day1", "Day1\Day1.csproj", "{80B1C170-7063-4C25-B3FB-A46D66AC8556}"
EndProject
Project("{FAE04EC0-301F-11D3-BF4B-00C04F79EFBC}") = "Day2", "Day2\Day2.csproj", "{951F52E5-D880-4403-91E8-8927A6CE1FC2}"
EndProject
Project("{FAE04EC0-301F-11D3-BF4B-00C04F79EFBC}") = "Day3", "Day3\Day3.csproj", "{5E09FE4D-11B6-4615-B860-24766BACAE09}"
EndProject
Project("{FAE04EC0-301F-11D3-BF4B-00C04F79EFBC}") = "Day4", "Day4\Day4.csproj", "{4F8D2DE2-0272-4488-8D3F-7F41A0FB541B}"
EndProject
Project("{FAE04EC0-301F-11D3-BF4B-00C04F79EFBC}") = "Day5", "Day5\Day5.csproj", "{F8DF95FC-0675-4994-BECD-7DC370735643}"
EndProject
Project("{FAE04EC0-301F-11D3-BF4B-00C04F79EFBC}") = "Day6", "Day6\Day6.csproj", "{DC090C0A-75E6-41C9-830B-435EF02A8A9C}"
EndProject
Project("{FAE04EC0-301F-11D3-BF4B-00C04F79EFBC}") = "Day7", "Day7\Day7.csproj", "{7B5EB2DE-652E-4C0C-8205-1C30AB34968A}"
EndProject
Project("{FAE04EC0-301F-11D3-BF4B-00C04F79EFBC}") = "Day8", "Day8\Day8.csproj", "{2032DB2E-03DA-44ED-A1A5-020CDA55A884}"
EndProject
Project("{FAE04EC0-301F-11D3-BF4B-00C04F79EFBC}") = "Day9", "Day9\Day9.csproj", "{9E656075-AA63-4F61-B417-C8D8AACA4393}"
EndProject
Project("{FAE04EC0-301F-11D3-BF4B-00C04F79EFBC}") = "Day10", "Day10\Day10.csproj", "{460E9D86-2DAD-40F3-AE4C-E5BFFA37D2A4}"
EndProject
Project("{FAE04EC0-301F-11D3-BF4B-00C04F79EFBC}") = "Day11", "Day11\Day11.csproj", "{98E3C020-D701-4AE1-BB48-F0A69DC8AE93}"
EndProject
Project("{FAE04EC0-301F-11D3-BF4B-00C04F79EFBC}") = "Day12", "Day12\Day12.csproj", "{C5C6AE16-0436-4A0F-965E-B021C6D575FE}"
EndProject
Project("{FAE04EC0-301F-11D3-BF4B-00C04F79EFBC}") = "Day13", "Day13\Day13.csproj", "{B1A754E0-E1AF-47E7-9FD5-3BC8DB3920B6}"
EndProject
Project("{FAE04EC0-301F-11D3-BF4B-00C04F79EFBC}") = "Day14", "Day14\Day14.csproj", "{9C4939EE-D870-4295-AF90-441E284F91B3}"
EndProject
Project("{FAE04EC0-301F-11D3-BF4B-00C04F79EFBC}") = "Day15", "Day15\Day15.csproj", "{C4B18A1A-4F49-4113-B5E1-75F79BB3E9E0}"
EndProject
Project("{FAE04EC0-301F-11D3-BF4B-00C04F79EFBC}") = "Day16", "Day16\Day16.csproj", "{706D1E16-4AC3-4049-A2C7-6C184EC60760}"
EndProject
Project("{FAE04EC0-301F-11D3-BF4B-00C04F79EFBC}") = "Day17", "Day17\Day17.csproj", "{D932A4A5-9AB9-48CB-9E7F-F19262ADEEFF}"
EndProject
Project("{FAE04EC0-301F-11D3-BF4B-00C04F79EFBC}") = "Day18", "Day18\Day18.csproj", "{C727F24A-4257-49EA-B42C-3CB90C818794}"
EndProject
Project("{FAE04EC0-301F-11D3-BF4B-00C04F79EFBC}") = "Day19", "Day19\Day19.csproj", "{EEF848A2-044C-40EB-B267-BB6E9994DDAB}"
EndProject
Project("{FAE04EC0-301F-11D3-BF4B-00C04F79EFBC}") = "Day20", "Day20\Day20.csproj", "{51F94C09-4AE3-40B0-B645-98FF0B80AF63}"
EndProject
Global
	GlobalSection(SolutionConfigurationPlatforms) = preSolution
		Debug|Any CPU = Debug|Any CPU
		Release|Any CPU = Release|Any CPU
	EndGlobalSection
	GlobalSection(ProjectConfigurationPlatforms) = postSolution
		{80B1C170-7063-4C25-B3FB-A46D66AC8556}.Debug|Any CPU.ActiveCfg = Debug|Any CPU
		{80B1C170-7063-4C25-B3FB-A46D66AC8556}.Debug|Any CPU.Build.0 = Debug|Any CPU
		{80B1C170-7063-4C25-B3FB-A46D66AC8556}.Release|Any CPU.ActiveCfg = Release|Any CPU
		{80B1C170-7063-4C25-B3FB-A46D66AC8556}.Release|Any CPU.Build.0 = Release|Any CPU
		{951F52E5-D880-4403-91E8-8927A6CE1FC2}.Debug|Any CPU.ActiveCfg = Debug|Any CPU
		{951F52E5-D880-4403-91E8-8927A6CE1FC2}.Debug|Any CPU.Build.0 = Debug|Any CPU
		{951F52E5-D880-4403-91E8-8927A6CE1FC2}.Release|Any CPU.ActiveCfg = Release|Any CPU
		{951F52E5-D880-4403-91E8-8927A6CE1FC2}.Release|Any CPU.Build.0 = Release|Any CPU
		{5E09FE4D-11B6-4615-B860-24766BACAE09}.Debug|Any CPU.ActiveCfg = Debug|Any CPU
		{5E09FE4D-11B6-4615-B860-24766BACAE09}.Debug|Any CPU.Build.0 = Debug|Any CPU
		{5E09FE4D-11B6-4615-B860-24766BACAE09}.Release|Any CPU.ActiveCfg = Release|Any CPU
		{5E09FE4D-11B6-4615-B860-24766BACAE09}.Release|Any CPU.Build.0 = Release|Any CPU
		{4F8D2DE2-0272-4488-8D3F-7F41A0FB541B}.Debug|Any CPU.ActiveCfg = Debug|Any CPU
		{4F8D2DE2-0272-4488-8D3F-7F41A0FB541B}.Debug|Any CPU.Build.0 = Debug|Any CPU
		{4F8D2DE2-0272-4488-8D3F-7F41A0FB541B}.Release|Any CPU.ActiveCfg = Release|Any CPU
		{4F8D2DE2-0272-4488-8D3F-7F41A0FB541B}.Release|Any CPU.Build.0 = Release|Any CPU
		{F8DF95FC-0675-4994-BECD-7DC370735643}.Debug|Any CPU.ActiveCfg = Debug|Any CPU
		{F8DF95FC-0675-4994-BECD-7DC370735643}.Debug|Any CPU.Build.0 = Debug|Any CPU
		{F8DF95FC-0675-4994-BECD-7DC370735643}.Release|Any CPU.ActiveCfg = Release|Any CPU
		{F8DF95FC-0675-4994-BECD-7DC370735643}.Release|Any CPU.Build.0 = Release|Any CPU
		{DC090C0A-75E6-41C9-830B-435EF02A8A9C}.Debug|Any CPU.ActiveCfg = Debug|Any CPU
		{DC090C0A-75E6-41C9-830B-435EF02A8A9C}.Debug|Any CPU.Build.0 = Debug|Any CPU
		{DC090C0A-75E6-41C9-830B-435EF02A8A9C}.Release|Any CPU.ActiveCfg = Release|Any CPU
		{DC090C0A-75E6-41C9-830B-435EF02A8A9C}.Release|Any CPU.Build.0 = Release|Any CPU
		{7B5EB2DE-652E-4C0C-8205-1C30AB34968A}.Debug|Any CPU.ActiveCfg = Debug|Any CPU
		{7B5EB2DE-652E-4C0C-8205-1C30AB34968A}.Debug|Any CPU.Build.0 = Debug|Any CPU
		{7B5EB2DE-652E-4C0C-8205-1C30AB34968A}.Release|Any CPU.ActiveCfg = Release|Any CPU
		{7B5EB2DE-652E-4C0C-8205-1C30AB34968A}.Release|Any CPU.Build.0 = Release|Any CPU
		{2032DB2E-03DA-44ED-A1A5-020CDA55A884}.Debug|Any CPU.ActiveCfg = Debug|Any CPU
		{2032DB2E-03DA-44ED-A1A5-020CDA55A884}.Debug|Any CPU.Build.0 = Debug|Any CPU
		{2032DB2E-03DA-44ED-A1A5-020CDA55A884}.Release|Any CPU.ActiveCfg = Release|Any CPU
		{2032DB2E-03DA-44ED-A1A5-020CDA55A884}.Release|Any CPU.Build.0 = Release|Any CPU
		{9E656075-AA63-4F61-B417-C8D8AACA4393}.Debug|Any CPU.ActiveCfg = Debug|Any CPU
		{9E656075-AA63-4F61-B417-C8D8AACA4393}.Debug|Any CPU.Build.0 = Debug|Any CPU
		{9E656075-AA63-4F61-B417-C8D8AACA4393}.Release|Any CPU.ActiveCfg = Release|Any CPU
		{9E656075-AA63-4F61-B417-C8D8AACA4393}.Release|Any CPU.Build.0 = Release|Any CPU
		{460E9D86-2DAD-40F3-AE4C-E5BFFA37D2A4}.Debug|Any CPU.ActiveCfg = Debug|Any CPU
		{460E9D86-2DAD-40F3-AE4C-E5BFFA37D2A4}.Debug|Any CPU.Build.0 = Debug|Any CPU
		{460E9D86-2DAD-40F3-AE4C-E5BFFA37D2A4}.Release|Any CPU.ActiveCfg = Release|Any CPU
		{460E9D86-2DAD-40F3-AE4C-E5BFFA37D2A4}.Release|Any CPU.Build.0 = Release|Any CPU
		{98E3C020-D701-4AE1-BB48-F0A69DC8AE93}.Debug|Any CPU.ActiveCfg = Debug|Any CPU
		{98E3C020-D701-4AE1-BB48-F0A69DC8AE93}.Debug|Any CPU.Build.0 = Debug|Any CPU
		{98E3C020-D701-4AE1-BB48-F0A69DC8AE93}.Release|Any CPU.ActiveCfg = Release|Any CPU
		{98E3C020-D701-4AE1-BB48-F0A69DC8AE93}.Release|Any CPU.Build.0 = Release|Any CPU
		{C5C6AE16-0436-4A0F-965E-B021C6D575FE}.Debug|Any CPU.ActiveCfg = Debug|Any CPU
		{C5C6AE16-0436-4A0F-965E-B021C6D575FE}.Debug|Any CPU.Build.0 = Debug|Any CPU
		{C5C6AE16-0436-4A0F-965E-B021C6D575FE}.Release|Any CPU.ActiveCfg = Release|Any CPU
		{C5C6AE16-0436-4A0F-965E-B021C6D575FE}.Release|Any CPU.Build.0 = Release|Any CPU
		{B1A754E0-E1AF-47E7-9FD5-3BC8DB3920B6}.Debug|Any CPU.ActiveCfg = Debug|Any CPU
		{B1A754E0-E1AF-47E7-9FD5-3BC8DB3920B6}.Debug|Any CPU.Build.0 = Debug|Any CPU
		{B1A754E0-E1AF-47E7-9FD5-3BC8DB3920B6}.Release|Any CPU.ActiveCfg = Release|Any CPU
		{B1A754E0-E1AF-47E7-9FD5-3BC8DB3920B6}.Release|Any CPU.Build.0 = Release|Any CPU
		{9C4939EE-D870-4295-AF90-441E284F91B3}.Debug|Any CPU.ActiveCfg = Debug|Any CPU
		{9C4939EE-D870-4295-AF90-441E284F91B3}.Debug|Any CPU.Build.0 = Debug|Any CPU
		{9C4939EE-D870-4295-AF90-441E284F91B3}.Release|Any CPU.ActiveCfg = Release|Any CPU
		{9C4939EE-D870-4295-AF90-441E284F91B3}.Release|Any CPU.Build.0 = Release|Any CPU
		{C4B18A1A-4F49-4113-B5E1-75F79BB3E9E0}.Debug|Any CPU.ActiveCfg = Debug|Any CPU
		{C4B18A1A-4F49-4113-B5E1-75F79BB3E9E0}.Debug|Any CPU.Build.0 = Debug|Any CPU
		{C4B18A1A-4F49-4113-B5E1-75F79BB3E9E0}.Release|Any CPU.ActiveCfg = Release|Any CPU
		{C4B18A1A-4F49-4113-B5E1-75F79BB3E9E0}.Release|Any CPU.Build.0 = Release|Any CPU
		{706D1E16-4AC3-4049-A2C7-6C184EC60760}.Debug|Any CPU.ActiveCfg = Debug|Any CPU
		{706D1E16-4AC3-4049-A2C7-6C184EC60760}.Debug|Any CPU.Build.0 = Debug|Any CPU
		{706D1E16-4AC3-4049-A2C7-6C184EC60760}.Release|Any CPU.ActiveCfg = Release|Any CPU
		{706D1E16-4AC3-4049-A2C7-6C184EC60760}.Release|Any CPU.Build.0 = Release|Any CPU
		{D932A4A5-9AB9-48CB-9E7F-F19262ADEEFF}.Debug|Any CPU.ActiveCfg = Debug|Any CPU
		{D932A4A5-9AB9-48CB-9E7F-F19262ADEEFF}.Debug|Any CPU.Build.0 = Debug|Any CPU
		{D932A4A5-9AB9-48CB-9E7F-F19262ADEEFF}.Release|Any CPU.ActiveCfg = Release|Any CPU
		{D932A4A5-9AB9-48CB-9E7F-F19262ADEEFF}.Release|Any CPU.Build.0 = Release|Any CPU
		{C727F24A-4257-49EA-B42C-3CB90C818794}.Debug|Any CPU.ActiveCfg = Debug|Any CPU
		{C727F24A-4257-49EA-B42C-3CB90C818794}.Debug|Any CPU.Build.0 = Debug|Any CPU
		{C727F24A-4257-49EA-B42C-3CB90C818794}.Release|Any CPU.ActiveCfg = Release|Any CPU
		{C727F24A-4257-49EA-B42C-3CB90C818794}.Release|Any CPU.Build.0 = Release|Any CPU
		{EEF848A2-044C-40EB-B267-BB6E9994DDAB}.Debug|Any CPU.ActiveCfg = Debug|Any CPU
		{EEF848A2-044C-40EB-B267-BB6E9994DDAB}.Debug|Any CPU.Build.0 = Debug|Any CPU
		{EEF848A2-044C-40EB-B267-BB6E9994DDAB}.Release|Any CPU.ActiveCfg = Release|Any CPU
		{EEF848A2-044C-40EB-B267-BB6E9994DDAB}.Release|Any CPU.Build.0 = Release|Any CPU
		{51F94C09-4AE3-40B0-B645-98FF0B80AF63}.Debug|Any CPU.ActiveCfg = Debug|Any CPU
		{51F94C09-4AE3-40B0-B645-98FF0B80AF63}.Debug|Any CPU.Build.0 = Debug|Any CPU
		{51F94C09-4AE3-40B0-B645-98FF0B80AF63}.Release|Any CPU.ActiveCfg = Release|Any CPU
		{51F94C09-4AE3-40B0-B645-98FF0B80AF63}.Release|Any CPU.Build.0 = Release|Any CPU
	EndGlobalSection
	GlobalSection(SolutionProperties) = preSolution
		HideSolutionNode = FALSE
	EndGlobalSection
EndGlobal
