
Microsoft Visual Studio Solution File, Format Version 12.00
# Visual Studio 14
VisualStudioVersion = 14.0.25420.1
MinimumVisualStudioVersion = 10.0.40219.1
Project("{FAE04EC0-301F-11D3-BF4B-00C04F79EFBC}") = "Day1", "Day1\Day1.csproj", "{80B1C170-7063-4C25-B3FB-A46D66AC8556}"
EndProject
Project("{FAE04EC0-301F-11D3-BF4B-00C04F79EFBC}") = "Day2", "Day2\Day2.csproj", "{951F52E5-D880-4403-91E8-8927A6CE1FC2}"
EndProject
Project("{FAE04EC0-301F-11D3-BF4B-00C04F79EFBC}") = "Day3", "Day3\Day3.csproj", "{5E09FE4D-11B6-4615-B860-24766BACAE09}"
EndProject
Project("{FAE04EC0-301F-11D3-BF4B-00C04F79EFBC}") = "Day4", "Day4\Day4.csproj", "{4F8D2DE2-0272-4488-8D3F-7F41A0FB541B}"
EndProject
Project("{FAE04EC0-301F-11D3-BF4B-00C04F79EFBC}") = "Day5", "Day5\Day5.csproj", "{F8DF95FC-0675-4994-BECD-7DC370735643}"
EndProject
Project("{FAE04EC0-301F-11D3-BF4B-00C04F79EFBC}") = "Day6", "Day6\Day6.csproj", "{DC090C0A-75E6-41C9-830B-435EF02A8A9C}"
EndProject
Global
	GlobalSection(SolutionConfigurationPlatforms) = preSolution
		Debug|Any CPU = Debug|Any CPU
		Release|Any CPU = Release|Any CPU
	EndGlobalSection
	GlobalSection(ProjectConfigurationPlatforms) = postSolution
		{80B1C170-7063-4C25-B3FB-A46D66AC8556}.Debug|Any CPU.ActiveCfg = Debug|Any CPU
		{80B1C170-7063-4C25-B3FB-A46D66AC8556}.Debug|Any CPU.Build.0 = Debug|Any CPU
		{80B1C170-7063-4C25-B3FB-A46D66AC8556}.Release|Any CPU.ActiveCfg = Release|Any CPU
		{80B1C170-7063-4C25-B3FB-A46D66AC8556}.Release|Any CPU.Build.0 = Release|Any CPU
		{951F52E5-D880-4403-91E8-8927A6CE1FC2}.Debug|Any CPU.ActiveCfg = Debug|Any CPU
		{951F52E5-D880-4403-91E8-8927A6CE1FC2}.Debug|Any CPU.Build.0 = Debug|Any CPU
		{951F52E5-D880-4403-91E8-8927A6CE1FC2}.Release|Any CPU.ActiveCfg = Release|Any CPU
		{951F52E5-D880-4403-91E8-8927A6CE1FC2}.Release|Any CPU.Build.0 = Release|Any CPU
		{5E09FE4D-11B6-4615-B860-24766BACAE09}.Debug|Any CPU.ActiveCfg = Debug|Any CPU
		{5E09FE4D-11B6-4615-B860-24766BACAE09}.Debug|Any CPU.Build.0 = Debug|Any CPU
		{5E09FE4D-11B6-4615-B860-24766BACAE09}.Release|Any CPU.ActiveCfg = Release|Any CPU
		{5E09FE4D-11B6-4615-B860-24766BACAE09}.Release|Any CPU.Build.0 = Release|Any CPU
		{4F8D2DE2-0272-4488-8D3F-7F41A0FB541B}.Debug|Any CPU.ActiveCfg = Debug|Any CPU
		{4F8D2DE2-0272-4488-8D3F-7F41A0FB541B}.Debug|Any CPU.Build.0 = Debug|Any CPU
		{4F8D2DE2-0272-4488-8D3F-7F41A0FB541B}.Release|Any CPU.ActiveCfg = Release|Any CPU
		{4F8D2DE2-0272-4488-8D3F-7F41A0FB541B}.Release|Any CPU.Build.0 = Release|Any CPU
		{F8DF95FC-0675-4994-BECD-7DC370735643}.Debug|Any CPU.ActiveCfg = Debug|Any CPU
		{F8DF95FC-0675-4994-BECD-7DC370735643}.Debug|Any CPU.Build.0 = Debug|Any CPU
		{F8DF95FC-0675-4994-BECD-7DC370735643}.Release|Any CPU.ActiveCfg = Release|Any CPU
		{F8DF95FC-0675-4994-BECD-7DC370735643}.Release|Any CPU.Build.0 = Release|Any CPU
		{DC090C0A-75E6-41C9-830B-435EF02A8A9C}.Debug|Any CPU.ActiveCfg = Debug|Any CPU
		{DC090C0A-75E6-41C9-830B-435EF02A8A9C}.Debug|Any CPU.Build.0 = Debug|Any CPU
		{DC090C0A-75E6-41C9-830B-435EF02A8A9C}.Release|Any CPU.ActiveCfg = Release|Any CPU
		{DC090C0A-75E6-41C9-830B-435EF02A8A9C}.Release|Any CPU.Build.0 = Release|Any CPU
	EndGlobalSection
	GlobalSection(SolutionProperties) = preSolution
		HideSolutionNode = FALSE
	EndGlobalSection
EndGlobal
